
Microsoft Visual Studio Solution File, Format Version 12.00
Project("{FAE04EC0-301F-11D3-BF4B-00C04F79EFBC}") = "Base", "Base\Base.csproj", "{6647BCFC-7BC5-4251-A84E-2A6FA17BB04C}"
EndProject
Project("{2150E333-8FDC-42A3-9474-1A3956D46DE8}") = "Customer", "Customer", "{693477F1-61A5-4F54-B787-AD51C393D5F4}"
EndProject
Project("{FAE04EC0-301F-11D3-BF4B-00C04F79EFBC}") = "Customer.WebApi", "Customer.WebApi\Customer.WebApi.csproj", "{12A11C0C-23A7-481D-A6CE-10AD894EF012}"
EndProject
Project("{FAE04EC0-301F-11D3-BF4B-00C04F79EFBC}") = "Customer.Application", "Customer.Application\Customer.Application.csproj", "{BC5E4261-4824-4070-835E-3BFD0D965194}"
EndProject
Project("{FAE04EC0-301F-11D3-BF4B-00C04F79EFBC}") = "Customer.Domain", "Customer.Domain\Customer.Domain.csproj", "{5DFB861B-29D5-4802-A77E-FD50D20D35CD}"
EndProject
Project("{FAE04EC0-301F-11D3-BF4B-00C04F79EFBC}") = "Customer.Infrastructure", "Customer.Infrastructure\Customer.Infrastructure.csproj", "{9AD1DB7E-6228-4D54-9424-740736161150}"
EndProject
Project("{FAE04EC0-301F-11D3-BF4B-00C04F79EFBC}") = "OcelotApiGw", "OcelotApiGw\OcelotApiGw.csproj", "{92ED5051-FBA2-49E7-86A5-69E5655E5C1A}"
EndProject
Global
	GlobalSection(SolutionConfigurationPlatforms) = preSolution
		Debug|Any CPU = Debug|Any CPU
		Release|Any CPU = Release|Any CPU
	EndGlobalSection
	GlobalSection(ProjectConfigurationPlatforms) = postSolution
		{6647BCFC-7BC5-4251-A84E-2A6FA17BB04C}.Debug|Any CPU.ActiveCfg = Debug|Any CPU
		{6647BCFC-7BC5-4251-A84E-2A6FA17BB04C}.Debug|Any CPU.Build.0 = Debug|Any CPU
		{6647BCFC-7BC5-4251-A84E-2A6FA17BB04C}.Release|Any CPU.ActiveCfg = Release|Any CPU
		{6647BCFC-7BC5-4251-A84E-2A6FA17BB04C}.Release|Any CPU.Build.0 = Release|Any CPU
		{12A11C0C-23A7-481D-A6CE-10AD894EF012}.Debug|Any CPU.ActiveCfg = Debug|Any CPU
		{12A11C0C-23A7-481D-A6CE-10AD894EF012}.Debug|Any CPU.Build.0 = Debug|Any CPU
		{12A11C0C-23A7-481D-A6CE-10AD894EF012}.Release|Any CPU.ActiveCfg = Release|Any CPU
		{12A11C0C-23A7-481D-A6CE-10AD894EF012}.Release|Any CPU.Build.0 = Release|Any CPU
		{BC5E4261-4824-4070-835E-3BFD0D965194}.Debug|Any CPU.ActiveCfg = Debug|Any CPU
		{BC5E4261-4824-4070-835E-3BFD0D965194}.Debug|Any CPU.Build.0 = Debug|Any CPU
		{BC5E4261-4824-4070-835E-3BFD0D965194}.Release|Any CPU.ActiveCfg = Release|Any CPU
		{BC5E4261-4824-4070-835E-3BFD0D965194}.Release|Any CPU.Build.0 = Release|Any CPU
		{5DFB861B-29D5-4802-A77E-FD50D20D35CD}.Debug|Any CPU.ActiveCfg = Debug|Any CPU
		{5DFB861B-29D5-4802-A77E-FD50D20D35CD}.Debug|Any CPU.Build.0 = Debug|Any CPU
		{5DFB861B-29D5-4802-A77E-FD50D20D35CD}.Release|Any CPU.ActiveCfg = Release|Any CPU
		{5DFB861B-29D5-4802-A77E-FD50D20D35CD}.Release|Any CPU.Build.0 = Release|Any CPU
		{9AD1DB7E-6228-4D54-9424-740736161150}.Debug|Any CPU.ActiveCfg = Debug|Any CPU
		{9AD1DB7E-6228-4D54-9424-740736161150}.Debug|Any CPU.Build.0 = Debug|Any CPU
		{9AD1DB7E-6228-4D54-9424-740736161150}.Release|Any CPU.ActiveCfg = Release|Any CPU
		{9AD1DB7E-6228-4D54-9424-740736161150}.Release|Any CPU.Build.0 = Release|Any CPU
		{92ED5051-FBA2-49E7-86A5-69E5655E5C1A}.Debug|Any CPU.ActiveCfg = Debug|Any CPU
		{92ED5051-FBA2-49E7-86A5-69E5655E5C1A}.Debug|Any CPU.Build.0 = Debug|Any CPU
		{92ED5051-FBA2-49E7-86A5-69E5655E5C1A}.Release|Any CPU.ActiveCfg = Release|Any CPU
		{92ED5051-FBA2-49E7-86A5-69E5655E5C1A}.Release|Any CPU.Build.0 = Release|Any CPU
	EndGlobalSection
	GlobalSection(NestedProjects) = preSolution
		{12A11C0C-23A7-481D-A6CE-10AD894EF012} = {693477F1-61A5-4F54-B787-AD51C393D5F4}
		{BC5E4261-4824-4070-835E-3BFD0D965194} = {693477F1-61A5-4F54-B787-AD51C393D5F4}
		{5DFB861B-29D5-4802-A77E-FD50D20D35CD} = {693477F1-61A5-4F54-B787-AD51C393D5F4}
		{9AD1DB7E-6228-4D54-9424-740736161150} = {693477F1-61A5-4F54-B787-AD51C393D5F4}
	EndGlobalSection
EndGlobal
